{
  "nodes": {
    "devenv": {
      "locked": {
        "dir": "src/modules",
        "lastModified": 1791388908,
        "narHash": "sha256-eqnGuVYIh6u8XU6UXueceaCi3UfSqbvopeuLYgClEDY=",
        "owner": "cachix",
        "repo": "devenv",
        "rev": "27af3b2029a6d1274db8a570fb57292dae5a2551",
        "type": "github"
      },
      "original": {
        "dir": "src/modules",
        "owner": "cachix",
        "repo": "devenv",
        "type": "github"
      }
    },
    "nixpkgs": {
      "locked": {
        "lastModified": 1790578696,
        "narHash": "sha256-ZoxIApko70jCdbH3l20HWXOBaT2HZd87orzd2yJ9dVE=",
        "rev": "7a0f122f5090cf4c2ade2a13a0e229d4e19ba71f",
        "revCount": 1080855,
        "type": "tarball",
        "url": "https://api.flakehub.com/f/pinned/DeterminateSystems/nixpkgs-weekly/0.1.1080855%2Brev-7a0f122f5090cf4c2ade2a13a0e229d4e19ba71f/01a10fba-020b-7731-ab22-ae4ea069e18f/source.tar.gz"
      },
      "original": {
        "type": "tarball",
        "url": "https://flakehub.com/f/DeterminateSystems/nixpkgs-weekly/0.1"
      }
    },
    "root": {
      "inputs": {
        "devenv": "devenv",
        "nixpkgs": "nixpkgs"
      }
    }
  },
  "root": "root",
  "version": 7
}